{
  "projectId": "gen-lang-client-0203551315",
  "appId": "1:1087481717920:web:2dd7baab6e3a435c7d95c5",
  "apiKey": "AIzaSyA2nk7RsD0BsWP1pKZUqZ9q2lOFZXrcxWk",
  "authDomain": "gen-lang-client-0203551315.firebaseapp.com",
  "firestoreDatabaseId": "ai-studio-39554815-b9b1-4c5b-9c52-e0e181759120",
  "storageBucket": "gen-lang-client-0203551315.firebasestorage.app",
  "messagingSenderId": "1087481717920",
  "measurementId": ""
}
